
Microsoft Visual Studio Solution File, Format Version 12.00
# Visual Studio Version 16
VisualStudioVersion = 16.0.30621.155
MinimumVisualStudioVersion = 10.0.40219.1
Project("{888888A0-9F3D-457C-B088-3A5042F75D52}") = "korch", "korch.pyproj", "{A40054E2-D2F5-44E8-9A76-694201E95268}"
EndProject
Global
	GlobalSection(SolutionConfigurationPlatforms) = preSolution
		Debug|Any CPU = Debug|Any CPU
		Release|Any CPU = Release|Any CPU
	EndGlobalSection
	GlobalSection(ProjectConfigurationPlatforms) = postSolution
		{A40054E2-D2F5-44E8-9A76-694201E95268}.Debug|Any CPU.ActiveCfg = Debug|Any CPU
		{A40054E2-D2F5-44E8-9A76-694201E95268}.Release|Any CPU.ActiveCfg = Release|Any CPU
	EndGlobalSection
	GlobalSection(SolutionProperties) = preSolution
		HideSolutionNode = FALSE
	EndGlobalSection
	GlobalSection(ExtensibilityGlobals) = postSolution
		SolutionGuid = {531C5A3A-7822-4977-9D3B-A7AAAD8CBB0D}
	EndGlobalSection
EndGlobal
